
Microsoft Visual Studio Solution File, Format Version 12.00
# Visual Studio Version 17
VisualStudioVersion = 17.14.36401.2 d17.14
MinimumVisualStudioVersion = 10.0.40219.1
Project("{FAE04EC0-301F-11D3-BF4B-00C04F79EFBC}") = "PlaylistAPI", "PlaylistAPI\PlaylistAPI.csproj", "{B8C96A84-4505-40DC-9CB3-80B45D322727}"
EndProject
Global
	GlobalSection(SolutionConfigurationPlatforms) = preSolution
		Debug|Any CPU = Debug|Any CPU
		Release|Any CPU = Release|Any CPU
	EndGlobalSection
	GlobalSection(ProjectConfigurationPlatforms) = postSolution
		{B8C96A84-4505-40DC-9CB3-80B45D322727}.Debug|Any CPU.ActiveCfg = Debug|Any CPU
		{B8C96A84-4505-40DC-9CB3-80B45D322727}.Debug|Any CPU.Build.0 = Debug|Any CPU
		{B8C96A84-4505-40DC-9CB3-80B45D322727}.Release|Any CPU.ActiveCfg = Release|Any CPU
		{B8C96A84-4505-40DC-9CB3-80B45D322727}.Release|Any CPU.Build.0 = Release|Any CPU
	EndGlobalSection
	GlobalSection(SolutionProperties) = preSolution
		HideSolutionNode = FALSE
	EndGlobalSection
	GlobalSection(ExtensibilityGlobals) = postSolution
		SolutionGuid = {234AD6E7-7EC8-4797-9D97-619502502112}
	EndGlobalSection
EndGlobal
